// !$*UTF8*$!
{
	archiveVersion = 1;
	classes = {
	};
	objectVersion = 46;
	objects = {

/* Begin PBXBuildFile section */
		9F0FA4431F287FA60012AAF0 /* AppDelegate.swift in Sources */ = {isa = PBXBuildFile; fileRef = 9F0FA4421F287FA60012AAF0 /* AppDelegate.swift */; };
		9F0FA4451F287FA60012AAF0 /* ViewController.swift in Sources */ = {isa = PBXBuildFile; fileRef = 9F0FA4441F287FA60012AAF0 /* ViewController.swift */; };
		9F0FA4481F287FA60012AAF0 /* Main.storyboard in Resources */ = {isa = PBXBuildFile; fileRef = 9F0FA4461F287FA60012AAF0 /* Main.storyboard */; };
		9F0FA44A1F287FA60012AAF0 /* Assets.xcassets in Resources */ = {isa = PBXBuildFile; fileRef = 9F0FA4491F287FA60012AAF0 /* Assets.xcassets */; };
		9F0FA44D1F287FA60012AAF0 /* LaunchScreen.storyboard in Resources */ = {isa = PBXBuildFile; fileRef = 9F0FA44B1F287FA60012AAF0 /* LaunchScreen.storyboard */; };
		9F0FA4581F287FA60012AAF0 /* SHRestClientExampleTests.swift in Sources */ = {isa = PBXBuildFile; fileRef = 9F0FA4571F287FA60012AAF0 /* SHRestClientExampleTests.swift */; };
		9F0FA4631F287FA60012AAF0 /* SHRestClientExampleUITests.swift in Sources */ = {isa = PBXBuildFile; fileRef = 9F0FA4621F287FA60012AAF0 /* SHRestClientExampleUITests.swift */; };
/* End PBXBuildFile section */

/* Begin PBXContainerItemProxy section */
		9F0FA4541F287FA60012AAF0 /* PBXContainerItemProxy */ = {
			isa = PBXContainerItemProxy;
			containerPortal = 9F0FA4371F287FA60012AAF0 /* Project object */;
			proxyType = 1;
			remoteGlobalIDString = 9F0FA43E1F287FA60012AAF0;
			remoteInfo = SHRestClientExample;
		};
		9F0FA45F1F287FA60012AAF0 /* PBXContainerItemProxy */ = {
			isa = PBXContainerItemProxy;
			containerPortal = 9F0FA4371F287FA60012AAF0 /* Project object */;
			proxyType = 1;
			remoteGlobalIDString = 9F0FA43E1F287FA60012AAF0;
			remoteInfo = SHRestClientExample;
		};
/* End PBXContainerItemProxy section */

/* Begin PBXFileReference section */
		9F0FA43F1F287FA60012AAF0 /* SHRestClientExample.app */ = {isa = PBXFileReference; explicitFileType = wrapper.application; includeInIndex = 0; path = SHRestClientExample.app; sourceTree = BUILT_PRODUCTS_DIR; };
		9F0FA4421F287FA60012AAF0 /* AppDelegate.swift */ = {isa = PBXFileReference; lastKnownFileType = sourcecode.swift; path = AppDelegate.swift; sourceTree = "<group>"; };
		9F0FA4441F287FA60012AAF0 /* ViewController.swift */ = {isa = PBXFileReference; lastKnownFileType = sourcecode.swift; path = ViewController.swift; sourceTree = "<group>"; };
		9F0FA4471F287FA60012AAF0 /* Base */ = {isa = PBXFileReference; lastKnownFileType = file.storyboard; name = Base; path = Base.lproj/Main.storyboard; sourceTree = "<group>"; };
		9F0FA4491F287FA60012AAF0 /* Assets.xcassets */ = {isa = PBXFileReference; lastKnownFileType = folder.assetcatalog; path = Assets.xcassets; sourceTree = "<group>"; };
		9F0FA44C1F287FA60012AAF0 /* Base */ = {isa = PBXFileReference; lastKnownFileType = file.storyboard; name = Base; path = Base.lproj/LaunchScreen.storyboard; sourceTree = "<group>"; };
		9F0FA44E1F287FA60012AAF0 /* Info.plist */ = {isa = PBXFileReference; lastKnownFileType = text.plist.xml; path = Info.plist; sourceTree = "<group>"; };
		9F0FA4531F287FA60012AAF0 /* SHRestClientExampleTests.xctest */ = {isa = PBXFileReference; explicitFileType = wrapper.cfbundle; includeInIndex = 0; path = SHRestClientExampleTests.xctest; sourceTree = BUILT_PRODUCTS_DIR; };
		9F0FA4571F287FA60012AAF0 /* SHRestClientExampleTests.swift */ = {isa = PBXFileReference; lastKnownFileType = sourcecode.swift; path = SHRestClientExampleTests.swift; sourceTree = "<group>"; };
		9F0FA4591F287FA60012AAF0 /* Info.plist */ = {isa = PBXFileReference; lastKnownFileType = text.plist.xml; path = Info.plist; sourceTree = "<group>"; };
		9F0FA45E1F287FA60012AAF0 /* SHRestClientExampleUITests.xctest */ = {isa = PBXFileReference; explicitFileType = wrapper.cfbundle; includeInIndex = 0; path = SHRestClientExampleUITests.xctest; sourceTree = BUILT_PRODUCTS_DIR; };
		9F0FA4621F287FA60012AAF0 /* SHRestClientExampleUITests.swift */ = {isa = PBXFileReference; lastKnownFileType = sourcecode.swift; path = SHRestClientExampleUITests.swift; sourceTree = "<group>"; };
		9F0FA4641F287FA60012AAF0 /* Info.plist */ = {isa = PBXFileReference; lastKnownFileType = text.plist.xml; path = Info.plist; sourceTree = "<group>"; };
/* End PBXFileReference section */

/* Begin PBXFrameworksBuildPhase section */
		9F0FA43C1F287FA60012AAF0 /* Frameworks */ = {
			isa = PBXFrameworksBuildPhase;
			buildActionMask = 2147483647;
			files = (
			);
			runOnlyForDeploymentPostprocessing = 0;
		};
		9F0FA4501F287FA60012AAF0 /* Frameworks */ = {
			isa = PBXFrameworksBuildPhase;
			buildActionMask = 2147483647;
			files = (
			);
			runOnlyForDeploymentPostprocessing = 0;
		};
		9F0FA45B1F287FA60012AAF0 /* Frameworks */ = {
			isa = PBXFrameworksBuildPhase;
			buildActionMask = 2147483647;
			files = (
			);
			runOnlyForDeploymentPostprocessing = 0;
		};
/* End PBXFrameworksBuildPhase section */

/* Begin PBXGroup section */
		9F0FA4361F287FA60012AAF0 = {
			isa = PBXGroup;
			children = (
				9F0FA4411F287FA60012AAF0 /* SHRestClientExample */,
				9F0FA4561F287FA60012AAF0 /* SHRestClientExampleTests */,
				9F0FA4611F287FA60012AAF0 /* SHRestClientExampleUITests */,
				9F0FA4401F287FA60012AAF0 /* Products */,
			);
			sourceTree = "<group>";
		};
		9F0FA4401F287FA60012AAF0 /* Products */ = {
			isa = PBXGroup;
			children = (
				9F0FA43F1F287FA60012AAF0 /* SHRestClientExample.app */,
				9F0FA4531F287FA60012AAF0 /* SHRestClientExampleTests.xctest */,
				9F0FA45E1F287FA60012AAF0 /* SHRestClientExampleUITests.xctest */,
			);
			name = Products;
			sourceTree = "<group>";
		};
		9F0FA4411F287FA60012AAF0 /* SHRestClientExample */ = {
			isa = PBXGroup;
			children = (
				9F0FA4421F287FA60012AAF0 /* AppDelegate.swift */,
				9F0FA4441F287FA60012AAF0 /* ViewController.swift */,
				9F0FA4461F287FA60012AAF0 /* Main.storyboard */,
				9F0FA4491F287FA60012AAF0 /* Assets.xcassets */,
				9F0FA44B1F287FA60012AAF0 /* LaunchScreen.storyboard */,
				9F0FA44E1F287FA60012AAF0 /* Info.plist */,
			);
			path = SHRestClientExample;
			sourceTree = "<group>";
		};
		9F0FA4561F287FA60012AAF0 /* SHRestClientExampleTests */ = {
			isa = PBXGroup;
			children = (
				9F0FA4571F287FA60012AAF0 /* SHRestClientExampleTests.swift */,
				9F0FA4591F287FA60012AAF0 /* Info.plist */,
			);
			path = SHRestClientExampleTests;
			sourceTree = "<group>";
		};
		9F0FA4611F287FA60012AAF0 /* SHRestClientExampleUITests */ = {
			isa = PBXGroup;
			children = (
				9F0FA4621F287FA60012AAF0 /* SHRestClientExampleUITests.swift */,
				9F0FA4641F287FA60012AAF0 /* Info.plist */,
			);
			path = SHRestClientExampleUITests;
			sourceTree = "<group>";
		};
/* End PBXGroup section */

/* Begin PBXNativeTarget section */
		9F0FA43E1F287FA60012AAF0 /* SHRestClientExample */ = {
			isa = PBXNativeTarget;
			buildConfigurationList = 9F0FA4671F287FA60012AAF0 /* Build configuration list for PBXNativeTarget "SHRestClientExample" */;
			buildPhases = (
				9F0FA43B1F287FA60012AAF0 /* Sources */,
				9F0FA43C1F287FA60012AAF0 /* Frameworks */,
				9F0FA43D1F287FA60012AAF0 /* Resources */,
			);
			buildRules = (
			);
			dependencies = (
			);
			name = SHRestClientExample;
			productName = SHRestClientExample;
			productReference = 9F0FA43F1F287FA60012AAF0 /* SHRestClientExample.app */;
			productType = "com.apple.product-type.application";
		};
		9F0FA4521F287FA60012AAF0 /* SHRestClientExampleTests */ = {
			isa = PBXNativeTarget;
			buildConfigurationList = 9F0FA46A1F287FA60012AAF0 /* Build configuration list for PBXNativeTarget "SHRestClientExampleTests" */;
			buildPhases = (
				9F0FA44F1F287FA60012AAF0 /* Sources */,
				9F0FA4501F287FA60012AAF0 /* Frameworks */,
				9F0FA4511F287FA60012AAF0 /* Resources */,
			);
			buildRules = (
			);
			dependencies = (
				9F0FA4551F287FA60012AAF0 /* PBXTargetDependency */,
			);
			name = SHRestClientExampleTests;
			productName = SHRestClientExampleTests;
			productReference = 9F0FA4531F287FA60012AAF0 /* SHRestClientExampleTests.xctest */;
			productType = "com.apple.product-type.bundle.unit-test";
		};
		9F0FA45D1F287FA60012AAF0 /* SHRestClientExampleUITests */ = {
			isa = PBXNativeTarget;
			buildConfigurationList = 9F0FA46D1F287FA60012AAF0 /* Build configuration list for PBXNativeTarget "SHRestClientExampleUITests" */;
			buildPhases = (
				9F0FA45A1F287FA60012AAF0 /* Sources */,
				9F0FA45B1F287FA60012AAF0 /* Frameworks */,
				9F0FA45C1F287FA60012AAF0 /* Resources */,
			);
			buildRules = (
			);
			dependencies = (
				9F0FA4601F287FA60012AAF0 /* PBXTargetDependency */,
			);
			name = SHRestClientExampleUITests;
			productName = SHRestClientExampleUITests;
			productReference = 9F0FA45E1F287FA60012AAF0 /* SHRestClientExampleUITests.xctest */;
			productType = "com.apple.product-type.bundle.ui-testing";
		};
/* End PBXNativeTarget section */

/* Begin PBXProject section */
		9F0FA4371F287FA60012AAF0 /* Project object */ = {
			isa = PBXProject;
			attributes = {
				LastSwiftUpdateCheck = 0830;
				LastUpgradeCheck = 0830;
				ORGANIZATIONNAME = SubhajitHalder;
				TargetAttributes = {
					9F0FA43E1F287FA60012AAF0 = {
						CreatedOnToolsVersion = 8.3.1;
						DevelopmentTeam = YXUXCVBT88;
						ProvisioningStyle = Automatic;
					};
					9F0FA4521F287FA60012AAF0 = {
						CreatedOnToolsVersion = 8.3.1;
						DevelopmentTeam = YXUXCVBT88;
						ProvisioningStyle = Automatic;
						TestTargetID = 9F0FA43E1F287FA60012AAF0;
					};
					9F0FA45D1F287FA60012AAF0 = {
						CreatedOnToolsVersion = 8.3.1;
						DevelopmentTeam = YXUXCVBT88;
						ProvisioningStyle = Automatic;
						TestTargetID = 9F0FA43E1F287FA60012AAF0;
					};
				};
			};
			buildConfigurationList = 9F0FA43A1F287FA60012AAF0 /* Build configuration list for PBXProject "SHRestClientExample" */;
			compatibilityVersion = "Xcode 3.2";
			developmentRegion = English;
			hasScannedForEncodings = 0;
			knownRegions = (
				en,
				Base,
			);
			mainGroup = 9F0FA4361F287FA60012AAF0;
			productRefGroup = 9F0FA4401F287FA60012AAF0 /* Products */;
			projectDirPath = "";
			projectRoot = "";
			targets = (
				9F0FA43E1F287FA60012AAF0 /* SHRestClientExample */,
				9F0FA4521F287FA60012AAF0 /* SHRestClientExampleTests */,
				9F0FA45D1F287FA60012AAF0 /* SHRestClientExampleUITests */,
			);
		};
/* End PBXProject section */

/* Begin PBXResourcesBuildPhase section */
		9F0FA43D1F287FA60012AAF0 /* Resources */ = {
			isa = PBXResourcesBuildPhase;
			buildActionMask = 2147483647;
			files = (
				9F0FA44D1F287FA60012AAF0 /* LaunchScreen.storyboard in Resources */,
				9F0FA44A1F287FA60012AAF0 /* Assets.xcassets in Resources */,
				9F0FA4481F287FA60012AAF0 /* Main.storyboard in Resources */,
			);
			runOnlyForDeploymentPostprocessing = 0;
		};
		9F0FA4511F287FA60012AAF0 /* Resources */ = {
			isa = PBXResourcesBuildPhase;
			buildActionMask = 2147483647;
			files = (
			);
			runOnlyForDeploymentPostprocessing = 0;
		};
		9F0FA45C1F287FA60012AAF0 /* Resources */ = {
			isa = PBXResourcesBuildPhase;
			buildActionMask = 2147483647;
			files = (
			);
			runOnlyForDeploymentPostprocessing = 0;
		};
/* End PBXResourcesBuildPhase section */

/* Begin PBXSourcesBuildPhase section */
		9F0FA43B1F287FA60012AAF0 /* Sources */ = {
			isa = PBXSourcesBuildPhase;
			buildActionMask = 2147483647;
			files = (
				9F0FA4451F287FA60012AAF0 /* ViewController.swift in Sources */,
				9F0FA4431F287FA60012AAF0 /* AppDelegate.swift in Sources */,
			);
			runOnlyForDeploymentPostprocessing = 0;
		};
		9F0FA44F1F287FA60012AAF0 /* Sources */ = {
			isa = PBXSourcesBuildPhase;
			buildActionMask = 2147483647;
			files = (
				9F0FA4581F287FA60012AAF0 /* SHRestClientExampleTests.swift in Sources */,
			);
			runOnlyForDeploymentPostprocessing = 0;
		};
		9F0FA45A1F287FA60012AAF0 /* Sources */ = {
			isa = PBXSourcesBuildPhase;
			buildActionMask = 2147483647;
			files = (
				9F0FA4631F287FA60012AAF0 /* SHRestClientExampleUITests.swift in Sources */,
			);
			runOnlyForDeploymentPostprocessing = 0;
		};
/* End PBXSourcesBuildPhase section */

/* Begin PBXTargetDependency section */
		9F0FA4551F287FA60012AAF0 /* PBXTargetDependency */ = {
			isa = PBXTargetDependency;
			target = 9F0FA43E1F287FA60012AAF0 /* SHRestClientExample */;
			targetProxy = 9F0FA4541F287FA60012AAF0 /* PBXContainerItemProxy */;
		};
		9F0FA4601F287FA60012AAF0 /* PBXTargetDependency */ = {
			isa = PBXTargetDependency;
			target = 9F0FA43E1F287FA60012AAF0 /* SHRestClientExample */;
			targetProxy = 9F0FA45F1F287FA60012AAF0 /* PBXContainerItemProxy */;
		};
/* End PBXTargetDependency section */

/* Begin PBXVariantGroup section */
		9F0FA4461F287FA60012AAF0 /* Main.storyboard */ = {
			isa = PBXVariantGroup;
			children = (
				9F0FA4471F287FA60012AAF0 /* Base */,
			);
			name = Main.storyboard;
			sourceTree = "<group>";
		};
		9F0FA44B1F287FA60012AAF0 /* LaunchScreen.storyboard */ = {
			isa = PBXVariantGroup;
			children = (
				9F0FA44C1F287FA60012AAF0 /* Base */,
			);
			name = LaunchScreen.storyboard;
			sourceTree = "<group>";
		};
/* End PBXVariantGroup section */

/* Begin XCBuildConfiguration section */
		9F0FA4651F287FA60012AAF0 /* Debug */ = {
			isa = XCBuildConfiguration;
			buildSettings = {
				ALWAYS_SEARCH_USER_PATHS = NO;
				CLANG_ANALYZER_NONNULL = YES;
				CLANG_ANALYZER_NUMBER_OBJECT_CONVERSION = YES_AGGRESSIVE;
				CLANG_CXX_LANGUAGE_STANDARD = "gnu++0x";
				CLANG_CXX_LIBRARY = "libc++";
				CLANG_ENABLE_MODULES = YES;
				CLANG_ENABLE_OBJC_ARC = YES;
				CLANG_WARN_BOOL_CONVERSION = YES;
				CLANG_WARN_CONSTANT_CONVERSION = YES;
				CLANG_WARN_DIRECT_OBJC_ISA_USAGE = YES_ERROR;
				CLANG_WARN_DOCUMENTATION_COMMENTS = YES;
				CLANG_WARN_EMPTY_BODY = YES;
				CLANG_WARN_ENUM_CONVERSION = YES;
				CLANG_WARN_INFINITE_RECURSION = YES;
				CLANG_WARN_INT_CONVERSION = YES;
				CLANG_WARN_OBJC_ROOT_CLASS = YES_ERROR;
				CLANG_WARN_SUSPICIOUS_MOVE = YES;
				CLANG_WARN_UNREACHABLE_CODE = YES;
				CLANG_WARN__DUPLICATE_METHOD_MATCH = YES;
				"CODE_SIGN_IDENTITY[sdk=iphoneos*]" = "iPhone Developer";
				COPY_PHASE_STRIP = NO;
				DEBUG_INFORMATION_FORMAT = dwarf;
				ENABLE_STRICT_OBJC_MSGSEND = YES;
				ENABLE_TESTABILITY = YES;
				GCC_C_LANGUAGE_STANDARD = gnu99;
				GCC_DYNAMIC_NO_PIC = NO;
				GCC_NO_COMMON_BLOCKS = YES;
				GCC_OPTIMIZATION_LEVEL = 0;
				GCC_PREPROCESSOR_DEFINITIONS = (
					"DEBUG=1",
					"$(inherited)",
				);
				GCC_WARN_64_TO_32_BIT_CONVERSION = YES;
				GCC_WARN_ABOUT_RETURN_TYPE = YES_ERROR;
				GCC_WARN_UNDECLARED_SELECTOR = YES;
				GCC_WARN_UNINITIALIZED_AUTOS = YES_AGGRESSIVE;
				GCC_WARN_UNUSED_FUNCTION = YES;
				GCC_WARN_UNUSED_VARIABLE = YES;
				IPHONEOS_DEPLOYMENT_TARGET = 10.3;
				MTL_ENABLE_DEBUG_INFO = YES;
				ONLY_ACTIVE_ARCH = YES;
				SDKROOT = iphoneos;
				SWIFT_ACTIVE_COMPILATION_CONDITIONS = DEBUG;
				SWIFT_OPTIMIZATION_LEVEL = "-Onone";
			};
			name = Debug;
		};
		9F0FA4661F287FA60012AAF0 /* Release */ = {
			isa = XCBuildConfiguration;
			buildSettings = {
				ALWAYS_SEARCH_USER_PATHS = NO;
				CLANG_ANALYZER_NONNULL = YES;
				CLANG_ANALYZER_NUMBER_OBJECT_CONVERSION = YES_AGGRESSIVE;
				CLANG_CXX_LANGUAGE_STANDARD = "gnu++0x";
				CLANG_CXX_LIBRARY = "libc++";
				CLANG_ENABLE_MODULES = YES;
				CLANG_ENABLE_OBJC_ARC = YES;
				CLANG_WARN_BOOL_CONVERSION = YES;
				CLANG_WARN_CONSTANT_CONVERSION = YES;
				CLANG_WARN_DIRECT_OBJC_ISA_USAGE = YES_ERROR;
				CLANG_WARN_DOCUMENTATION_COMMENTS = YES;
				CLANG_WARN_EMPTY_BODY = YES;
				CLANG_WARN_ENUM_CONVERSION = YES;
				CLANG_WARN_INFINITE_RECURSION = YES;
				CLANG_WARN_INT_CONVERSION = YES;
				CLANG_WARN_OBJC_ROOT_CLASS = YES_ERROR;
				CLANG_WARN_SUSPICIOUS_MOVE = YES;
				CLANG_WARN_UNREACHABLE_CODE = YES;
				CLANG_WARN__DUPLICATE_METHOD_MATCH = YES;
				"CODE_SIGN_IDENTITY[sdk=iphoneos*]" = "iPhone Developer";
				COPY_PHASE_STRIP = NO;
				DEBUG_INFORMATION_FORMAT = "dwarf-with-dsym";
				ENABLE_NS_ASSERTIONS = NO;
				ENABLE_STRICT_OBJC_MSGSEND = YES;
				GCC_C_LANGUAGE_STANDARD = gnu99;
				GCC_NO_COMMON_BLOCKS = YES;
				GCC_WARN_64_TO_32_BIT_CONVERSION = YES;
				GCC_WARN_ABOUT_RETURN_TYPE = YES_ERROR;
				GCC_WARN_UNDECLARED_SELECTOR = YES;
				GCC_WARN_UNINITIALIZED_AUTOS = YES_AGGRESSIVE;
				GCC_WARN_UNUSED_FUNCTION = YES;
				GCC_WARN_UNUSED_VARIABLE = YES;
				IPHONEOS_DEPLOYMENT_TARGET = 10.3;
				MTL_ENABLE_DEBUG_INFO = NO;
				SDKROOT = iphoneos;
				SWIFT_OPTIMIZATION_LEVEL = "-Owholemodule";
				VALIDATE_PRODUCT = YES;
			};
			name = Release;
		};
		9F0FA4681F287FA60012AAF0 /* Debug */ = {
			isa = XCBuildConfiguration;
			buildSettings = {
				ASSETCATALOG_COMPILER_APPICON_NAME = AppIcon;
				DEVELOPMENT_TEAM = YXUXCVBT88;
				INFOPLIST_FILE = SHRestClientExample/Info.plist;
				LD_RUNPATH_SEARCH_PATHS = "$(inherited) @executable_path/Frameworks";
				PRODUCT_BUNDLE_IDENTIFIER = com.regor.SHRestClientExample;
				PRODUCT_NAME = "$(TARGET_NAME)";
				SWIFT_VERSION = 3.0;
			};
			name = Debug;
		};
		9F0FA4691F287FA60012AAF0 /* Release */ = {
			isa = XCBuildConfiguration;
			buildSettings = {
				ASSETCATALOG_COMPILER_APPICON_NAME = AppIcon;
				DEVELOPMENT_TEAM = YXUXCVBT88;
				INFOPLIST_FILE = SHRestClientExample/Info.plist;
				LD_RUNPATH_SEARCH_PATHS = "$(inherited) @executable_path/Frameworks";
				PRODUCT_BUNDLE_IDENTIFIER = com.regor.SHRestClientExample;
				PRODUCT_NAME = "$(TARGET_NAME)";
				SWIFT_VERSION = 3.0;
			};
			name = Release;
		};
		9F0FA46B1F287FA60012AAF0 /* Debug */ = {
			isa = XCBuildConfiguration;
			buildSettings = {
				ALWAYS_EMBED_SWIFT_STANDARD_LIBRARIES = YES;
				BUNDLE_LOADER = "$(TEST_HOST)";
				DEVELOPMENT_TEAM = YXUXCVBT88;
				INFOPLIST_FILE = SHRestClientExampleTests/Info.plist;
				LD_RUNPATH_SEARCH_PATHS = "$(inherited) @executable_path/Frameworks @loader_path/Frameworks";
				PRODUCT_BUNDLE_IDENTIFIER = com.regor.SHRestClientExampleTests;
				PRODUCT_NAME = "$(TARGET_NAME)";
				SWIFT_VERSION = 3.0;
				TEST_HOST = "$(BUILT_PRODUCTS_DIR)/SHRestClientExample.app/SHRestClientExample";
			};
			name = Debug;
		};
		9F0FA46C1F287FA60012AAF0 /* Release */ = {
			isa = XCBuildConfiguration;
			buildSettings = {
				ALWAYS_EMBED_SWIFT_STANDARD_LIBRARIES = YES;
				BUNDLE_LOADER = "$(TEST_HOST)";
				DEVELOPMENT_TEAM = YXUXCVBT88;
				INFOPLIST_FILE = SHRestClientExampleTests/Info.plist;
				LD_RUNPATH_SEARCH_PATHS = "$(inherited) @executable_path/Frameworks @loader_path/Frameworks";
				PRODUCT_BUNDLE_IDENTIFIER = com.regor.SHRestClientExampleTests;
				PRODUCT_NAME = "$(TARGET_NAME)";
				SWIFT_VERSION = 3.0;
				TEST_HOST = "$(BUILT_PRODUCTS_DIR)/SHRestClientExample.app/SHRestClientExample";
			};
			name = Release;
		};
		9F0FA46E1F287FA60012AAF0 /* Debug */ = {
			isa = XCBuildConfiguration;
			buildSettings = {
				ALWAYS_EMBED_SWIFT_STANDARD_LIBRARIES = YES;
				DEVELOPMENT_TEAM = YXUXCVBT88;
				INFOPLIST_FILE = SHRestClientExampleUITests/Info.plist;
				LD_RUNPATH_SEARCH_PATHS = "$(inherited) @executable_path/Frameworks @loader_path/Frameworks";
				PRODUCT_BUNDLE_IDENTIFIER = com.regor.SHRestClientExampleUITests;
				PRODUCT_NAME = "$(TARGET_NAME)";
				SWIFT_VERSION = 3.0;
				TEST_TARGET_NAME = SHRestClientExample;
			};
			name = Debug;
		};
		9F0FA46F1F287FA60012AAF0 /* Release */ = {
			isa = XCBuildConfiguration;
			buildSettings = {
				ALWAYS_EMBED_SWIFT_STANDARD_LIBRARIES = YES;
				DEVELOPMENT_TEAM = YXUXCVBT88;
				INFOPLIST_FILE = SHRestClientExampleUITests/Info.plist;
				LD_RUNPATH_SEARCH_PATHS = "$(inherited) @executable_path/Frameworks @loader_path/Frameworks";
				PRODUCT_BUNDLE_IDENTIFIER = com.regor.SHRestClientExampleUITests;
				PRODUCT_NAME = "$(TARGET_NAME)";
				SWIFT_VERSION = 3.0;
				TEST_TARGET_NAME = SHRestClientExample;
			};
			name = Release;
		};
/* End XCBuildConfiguration section */

/* Begin XCConfigurationList section */
		9F0FA43A1F287FA60012AAF0 /* Build configuration list for PBXProject "SHRestClientExample" */ = {
			isa = XCConfigurationList;
			buildConfigurations = (
				9F0FA4651F287FA60012AAF0 /* Debug */,
				9F0FA4661F287FA60012AAF0 /* Release */,
			);
			defaultConfigurationIsVisible = 0;
			defaultConfigurationName = Release;
		};
		9F0FA4671F287FA60012AAF0 /* Build configuration list for PBXNativeTarget "SHRestClientExample" */ = {
			isa = XCConfigurationList;
			buildConfigurations = (
				9F0FA4681F287FA60012AAF0 /* Debug */,
				9F0FA4691F287FA60012AAF0 /* Release */,
			);
			defaultConfigurationIsVisible = 0;
		};
		9F0FA46A1F287FA60012AAF0 /* Build configuration list for PBXNativeTarget "SHRestClientExampleTests" */ = {
			isa = XCConfigurationList;
			buildConfigurations = (
				9F0FA46B1F287FA60012AAF0 /* Debug */,
				9F0FA46C1F287FA60012AAF0 /* Release */,
			);
			defaultConfigurationIsVisible = 0;
		};
		9F0FA46D1F287FA60012AAF0 /* Build configuration list for PBXNativeTarget "SHRestClientExampleUITests" */ = {
			isa = XCConfigurationList;
			buildConfigurations = (
				9F0FA46E1F287FA60012AAF0 /* Debug */,
				9F0FA46F1F287FA60012AAF0 /* Release */,
			);
			defaultConfigurationIsVisible = 0;
		};
/* End XCConfigurationList section */
	};
	rootObject = 9F0FA4371F287FA60012AAF0 /* Project object */;
}
