// !$*UTF8*$!
{
	archiveVersion = 1;
	classes = {
	};
	objectVersion = 46;
	objects = {

/* Begin PBXBuildFile section */
		6E8C8F2940A5D300DA97F107 /* Pods_SHRestClientExample.framework in Frameworks */ = {isa = PBXBuildFile; fileRef = BCE82B0382E2F6A9709F88C0 /* Pods_SHRestClientExample.framework */; settings = {ATTRIBUTES = (Required, ); }; };
		8FC1128C949C2A42D569E32B /* Pods_SHRestClientExampleUITests.framework in Frameworks */ = {isa = PBXBuildFile; fileRef = B5C25B8F93B63FEDB2EDF2EE /* Pods_SHRestClientExampleUITests.framework */; };
		9F0FA4431F287FA60012AAF0 /* AppDelegate.swift in Sources */ = {isa = PBXBuildFile; fileRef = 9F0FA4421F287FA60012AAF0 /* AppDelegate.swift */; };
		9F0FA4451F287FA60012AAF0 /* ViewController.swift in Sources */ = {isa = PBXBuildFile; fileRef = 9F0FA4441F287FA60012AAF0 /* ViewController.swift */; };
		9F0FA44A1F287FA60012AAF0 /* Assets.xcassets in Resources */ = {isa = PBXBuildFile; fileRef = 9F0FA4491F287FA60012AAF0 /* Assets.xcassets */; };
		9F0FA4581F287FA60012AAF0 /* SHRestClientExampleTests.swift in Sources */ = {isa = PBXBuildFile; fileRef = 9F0FA4571F287FA60012AAF0 /* SHRestClientExampleTests.swift */; };
		9F0FA4631F287FA60012AAF0 /* SHRestClientExampleUITests.swift in Sources */ = {isa = PBXBuildFile; fileRef = 9F0FA4621F287FA60012AAF0 /* SHRestClientExampleUITests.swift */; };
		9F2DFAF020D124A8002D33AC /* SHRequestMethods.swift in Sources */ = {isa = PBXBuildFile; fileRef = 9F2DFAEF20D124A8002D33AC /* SHRequestMethods.swift */; };
		9F2DFAF220D1394F002D33AC /* SHResponseLoader.swift in Sources */ = {isa = PBXBuildFile; fileRef = 9F2DFAF120D1394F002D33AC /* SHResponseLoader.swift */; };
		9F44EC6520C86948006700FF /* SHHTTPCache.swift in Sources */ = {isa = PBXBuildFile; fileRef = 9F44EC5F20C86947006700FF /* SHHTTPCache.swift */; };
		9F44EC6720C86948006700FF /* SHRestClient.swift in Sources */ = {isa = PBXBuildFile; fileRef = 9F44EC6120C86948006700FF /* SHRestClient.swift */; };
		9F44EC6820C86948006700FF /* SHRestClientCore.swift in Sources */ = {isa = PBXBuildFile; fileRef = 9F44EC6220C86948006700FF /* SHRestClientCore.swift */; };
		9F44EC6920C86948006700FF /* SHRestClientUtilities.swift in Sources */ = {isa = PBXBuildFile; fileRef = 9F44EC6320C86948006700FF /* SHRestClientUtilities.swift */; };
		9F5A3D401F8F7E5C00F02FA6 /* README.md in Resources */ = {isa = PBXBuildFile; fileRef = 9F5A3D3F1F8F7E5C00F02FA6 /* README.md */; };
		9F8ECDBE20CEEE8300A4AAF9 /* SHNetworkObserver.swift in Sources */ = {isa = PBXBuildFile; fileRef = 9F8ECDBD20CEEE8300A4AAF9 /* SHNetworkObserver.swift */; };
		9F8ECDC920D0466600A4AAF9 /* Main.storyboard in Resources */ = {isa = PBXBuildFile; fileRef = 9F0FA4461F287FA60012AAF0 /* Main.storyboard */; };
		9F8ECDCA20D0466600A4AAF9 /* LaunchScreen.storyboard in Resources */ = {isa = PBXBuildFile; fileRef = 9F0FA44B1F287FA60012AAF0 /* LaunchScreen.storyboard */; };
		9F8ECDCD20D04EDB00A4AAF9 /* NoConnectionVC.swift in Sources */ = {isa = PBXBuildFile; fileRef = 9F8ECDCC20D04EDB00A4AAF9 /* NoConnectionVC.swift */; };
		9F8ECDD220D0514700A4AAF9 /* no-wifi.png in Resources */ = {isa = PBXBuildFile; fileRef = 9F8ECDD120D0514700A4AAF9 /* no-wifi.png */; };
		9F8ECDD420D0594400A4AAF9 /* NoConnectionVC.xib in Resources */ = {isa = PBXBuildFile; fileRef = 9F8ECDD320D0594400A4AAF9 /* NoConnectionVC.xib */; };
		E764DAE0526C12A667BE5616 /* Pods_SHRestClientExampleTests.framework in Frameworks */ = {isa = PBXBuildFile; fileRef = B093B4EB24E1B1E8D00A500B /* Pods_SHRestClientExampleTests.framework */; };
/* End PBXBuildFile section */

/* Begin PBXContainerItemProxy section */
		9F0FA4541F287FA60012AAF0 /* PBXContainerItemProxy */ = {
			isa = PBXContainerItemProxy;
			containerPortal = 9F0FA4371F287FA60012AAF0 /* Project object */;
			proxyType = 1;
			remoteGlobalIDString = 9F0FA43E1F287FA60012AAF0;
			remoteInfo = SHRestClientExample;
		};
		9F0FA45F1F287FA60012AAF0 /* PBXContainerItemProxy */ = {
			isa = PBXContainerItemProxy;
			containerPortal = 9F0FA4371F287FA60012AAF0 /* Project object */;
			proxyType = 1;
			remoteGlobalIDString = 9F0FA43E1F287FA60012AAF0;
			remoteInfo = SHRestClientExample;
		};
/* End PBXContainerItemProxy section */

/* Begin PBXFileReference section */
		0AF3CA8D8B8EA0A581A16288 /* Pods-SHRestClientExampleTests.release.xcconfig */ = {isa = PBXFileReference; includeInIndex = 1; lastKnownFileType = text.xcconfig; name = "Pods-SHRestClientExampleTests.release.xcconfig"; path = "Pods/Target Support Files/Pods-SHRestClientExampleTests/Pods-SHRestClientExampleTests.release.xcconfig"; sourceTree = "<group>"; };
		4128B20BC4E89FD1AC6D2977 /* Pods-SHRestClientExample.debug.xcconfig */ = {isa = PBXFileReference; includeInIndex = 1; lastKnownFileType = text.xcconfig; name = "Pods-SHRestClientExample.debug.xcconfig"; path = "Pods/Target Support Files/Pods-SHRestClientExample/Pods-SHRestClientExample.debug.xcconfig"; sourceTree = "<group>"; };
		422DC4CBB89B709E534A3A23 /* Pods-SHRestClientExample.release.xcconfig */ = {isa = PBXFileReference; includeInIndex = 1; lastKnownFileType = text.xcconfig; name = "Pods-SHRestClientExample.release.xcconfig"; path = "Pods/Target Support Files/Pods-SHRestClientExample/Pods-SHRestClientExample.release.xcconfig"; sourceTree = "<group>"; };
		8293DC3106EDD646434F8514 /* Pods-SHRestClientExampleTests.debug.xcconfig */ = {isa = PBXFileReference; includeInIndex = 1; lastKnownFileType = text.xcconfig; name = "Pods-SHRestClientExampleTests.debug.xcconfig"; path = "Pods/Target Support Files/Pods-SHRestClientExampleTests/Pods-SHRestClientExampleTests.debug.xcconfig"; sourceTree = "<group>"; };
		9F0FA43F1F287FA60012AAF0 /* SHRestClientExample.app */ = {isa = PBXFileReference; explicitFileType = wrapper.application; includeInIndex = 0; path = SHRestClientExample.app; sourceTree = BUILT_PRODUCTS_DIR; };
		9F0FA4421F287FA60012AAF0 /* AppDelegate.swift */ = {isa = PBXFileReference; lastKnownFileType = sourcecode.swift; path = AppDelegate.swift; sourceTree = "<group>"; };
		9F0FA4441F287FA60012AAF0 /* ViewController.swift */ = {isa = PBXFileReference; lastKnownFileType = sourcecode.swift; path = ViewController.swift; sourceTree = "<group>"; };
		9F0FA4471F287FA60012AAF0 /* Base */ = {isa = PBXFileReference; lastKnownFileType = file.storyboard; name = Base; path = Base.lproj/Main.storyboard; sourceTree = "<group>"; };
		9F0FA4491F287FA60012AAF0 /* Assets.xcassets */ = {isa = PBXFileReference; lastKnownFileType = folder.assetcatalog; path = Assets.xcassets; sourceTree = "<group>"; };
		9F0FA44C1F287FA60012AAF0 /* Base */ = {isa = PBXFileReference; lastKnownFileType = file.storyboard; name = Base; path = Base.lproj/LaunchScreen.storyboard; sourceTree = "<group>"; };
		9F0FA44E1F287FA60012AAF0 /* Info.plist */ = {isa = PBXFileReference; lastKnownFileType = text.plist.xml; path = Info.plist; sourceTree = "<group>"; };
		9F0FA4531F287FA60012AAF0 /* SHRestClientExampleTests.xctest */ = {isa = PBXFileReference; explicitFileType = wrapper.cfbundle; includeInIndex = 0; path = SHRestClientExampleTests.xctest; sourceTree = BUILT_PRODUCTS_DIR; };
		9F0FA4571F287FA60012AAF0 /* SHRestClientExampleTests.swift */ = {isa = PBXFileReference; lastKnownFileType = sourcecode.swift; path = SHRestClientExampleTests.swift; sourceTree = "<group>"; };
		9F0FA4591F287FA60012AAF0 /* Info.plist */ = {isa = PBXFileReference; lastKnownFileType = text.plist.xml; path = Info.plist; sourceTree = "<group>"; };
		9F0FA45E1F287FA60012AAF0 /* SHRestClientExampleUITests.xctest */ = {isa = PBXFileReference; explicitFileType = wrapper.cfbundle; includeInIndex = 0; path = SHRestClientExampleUITests.xctest; sourceTree = BUILT_PRODUCTS_DIR; };
		9F0FA4621F287FA60012AAF0 /* SHRestClientExampleUITests.swift */ = {isa = PBXFileReference; lastKnownFileType = sourcecode.swift; path = SHRestClientExampleUITests.swift; sourceTree = "<group>"; };
		9F0FA4641F287FA60012AAF0 /* Info.plist */ = {isa = PBXFileReference; lastKnownFileType = text.plist.xml; path = Info.plist; sourceTree = "<group>"; };
		9F2DFAEF20D124A8002D33AC /* SHRequestMethods.swift */ = {isa = PBXFileReference; lastKnownFileType = sourcecode.swift; path = SHRequestMethods.swift; sourceTree = "<group>"; };
		9F2DFAF120D1394F002D33AC /* SHResponseLoader.swift */ = {isa = PBXFileReference; lastKnownFileType = sourcecode.swift; path = SHResponseLoader.swift; sourceTree = "<group>"; };
		9F44EC5F20C86947006700FF /* SHHTTPCache.swift */ = {isa = PBXFileReference; fileEncoding = 4; lastKnownFileType = sourcecode.swift; path = SHHTTPCache.swift; sourceTree = "<group>"; };
		9F44EC6120C86948006700FF /* SHRestClient.swift */ = {isa = PBXFileReference; fileEncoding = 4; lastKnownFileType = sourcecode.swift; path = SHRestClient.swift; sourceTree = "<group>"; };
		9F44EC6220C86948006700FF /* SHRestClientCore.swift */ = {isa = PBXFileReference; fileEncoding = 4; lastKnownFileType = sourcecode.swift; path = SHRestClientCore.swift; sourceTree = "<group>"; };
		9F44EC6320C86948006700FF /* SHRestClientUtilities.swift */ = {isa = PBXFileReference; fileEncoding = 4; lastKnownFileType = sourcecode.swift; path = SHRestClientUtilities.swift; sourceTree = "<group>"; };
		9F5A3D3F1F8F7E5C00F02FA6 /* README.md */ = {isa = PBXFileReference; lastKnownFileType = net.daringfireball.markdown; path = README.md; sourceTree = "<group>"; };
		9F8ECDBD20CEEE8300A4AAF9 /* SHNetworkObserver.swift */ = {isa = PBXFileReference; lastKnownFileType = sourcecode.swift; path = SHNetworkObserver.swift; sourceTree = "<group>"; };
		9F8ECDCC20D04EDB00A4AAF9 /* NoConnectionVC.swift */ = {isa = PBXFileReference; lastKnownFileType = sourcecode.swift; path = NoConnectionVC.swift; sourceTree = "<group>"; };
		9F8ECDD120D0514700A4AAF9 /* no-wifi.png */ = {isa = PBXFileReference; lastKnownFileType = image.png; path = "no-wifi.png"; sourceTree = "<group>"; };
		9F8ECDD320D0594400A4AAF9 /* NoConnectionVC.xib */ = {isa = PBXFileReference; lastKnownFileType = file.xib; path = NoConnectionVC.xib; sourceTree = "<group>"; };
		AB6F8B55861E08B487937C2F /* Pods-SHRestClientExampleUITests.debug.xcconfig */ = {isa = PBXFileReference; includeInIndex = 1; lastKnownFileType = text.xcconfig; name = "Pods-SHRestClientExampleUITests.debug.xcconfig"; path = "Pods/Target Support Files/Pods-SHRestClientExampleUITests/Pods-SHRestClientExampleUITests.debug.xcconfig"; sourceTree = "<group>"; };
		B093B4EB24E1B1E8D00A500B /* Pods_SHRestClientExampleTests.framework */ = {isa = PBXFileReference; explicitFileType = wrapper.framework; includeInIndex = 0; path = Pods_SHRestClientExampleTests.framework; sourceTree = BUILT_PRODUCTS_DIR; };
		B0D8D79AC41CDF3862EEF4D3 /* Pods-SHRestClientExampleUITests.release.xcconfig */ = {isa = PBXFileReference; includeInIndex = 1; lastKnownFileType = text.xcconfig; name = "Pods-SHRestClientExampleUITests.release.xcconfig"; path = "Pods/Target Support Files/Pods-SHRestClientExampleUITests/Pods-SHRestClientExampleUITests.release.xcconfig"; sourceTree = "<group>"; };
		B5C25B8F93B63FEDB2EDF2EE /* Pods_SHRestClientExampleUITests.framework */ = {isa = PBXFileReference; explicitFileType = wrapper.framework; includeInIndex = 0; path = Pods_SHRestClientExampleUITests.framework; sourceTree = BUILT_PRODUCTS_DIR; };
		BCE82B0382E2F6A9709F88C0 /* Pods_SHRestClientExample.framework */ = {isa = PBXFileReference; explicitFileType = wrapper.framework; includeInIndex = 0; path = Pods_SHRestClientExample.framework; sourceTree = BUILT_PRODUCTS_DIR; };
/* End PBXFileReference section */

/* Begin PBXFrameworksBuildPhase section */
		9F0FA43C1F287FA60012AAF0 /* Frameworks */ = {
			isa = PBXFrameworksBuildPhase;
			buildActionMask = 2147483647;
			files = (
				6E8C8F2940A5D300DA97F107 /* Pods_SHRestClientExample.framework in Frameworks */,
			);
			runOnlyForDeploymentPostprocessing = 0;
		};
		9F0FA4501F287FA60012AAF0 /* Frameworks */ = {
			isa = PBXFrameworksBuildPhase;
			buildActionMask = 2147483647;
			files = (
				E764DAE0526C12A667BE5616 /* Pods_SHRestClientExampleTests.framework in Frameworks */,
			);
			runOnlyForDeploymentPostprocessing = 0;
		};
		9F0FA45B1F287FA60012AAF0 /* Frameworks */ = {
			isa = PBXFrameworksBuildPhase;
			buildActionMask = 2147483647;
			files = (
				8FC1128C949C2A42D569E32B /* Pods_SHRestClientExampleUITests.framework in Frameworks */,
			);
			runOnlyForDeploymentPostprocessing = 0;
		};
/* End PBXFrameworksBuildPhase section */

/* Begin PBXGroup section */
		9F0FA4361F287FA60012AAF0 = {
			isa = PBXGroup;
			children = (
				9F5A3D3F1F8F7E5C00F02FA6 /* README.md */,
				9F0FA4411F287FA60012AAF0 /* SHRestClientExample */,
				9F0FA4561F287FA60012AAF0 /* SHRestClientExampleTests */,
				9F0FA4611F287FA60012AAF0 /* SHRestClientExampleUITests */,
				9F0FA4401F287FA60012AAF0 /* Products */,
				ADD2A636AFC6A055A3023727 /* Pods */,
				C3A43A203F51DBA80142EAE8 /* Frameworks */,
			);
			sourceTree = "<group>";
		};
		9F0FA4401F287FA60012AAF0 /* Products */ = {
			isa = PBXGroup;
			children = (
				9F0FA43F1F287FA60012AAF0 /* SHRestClientExample.app */,
				9F0FA4531F287FA60012AAF0 /* SHRestClientExampleTests.xctest */,
				9F0FA45E1F287FA60012AAF0 /* SHRestClientExampleUITests.xctest */,
			);
			name = Products;
			sourceTree = "<group>";
		};
		9F0FA4411F287FA60012AAF0 /* SHRestClientExample */ = {
			isa = PBXGroup;
			children = (
				9F0FA4701F287FBB0012AAF0 /* SHRestClient */,
				9F0FA4421F287FA60012AAF0 /* AppDelegate.swift */,
				9F0FA4441F287FA60012AAF0 /* ViewController.swift */,
				9F0FA4461F287FA60012AAF0 /* Main.storyboard */,
				9F0FA4491F287FA60012AAF0 /* Assets.xcassets */,
				9F0FA44B1F287FA60012AAF0 /* LaunchScreen.storyboard */,
				9F0FA44E1F287FA60012AAF0 /* Info.plist */,
			);
			path = SHRestClientExample;
			sourceTree = "<group>";
		};
		9F0FA4561F287FA60012AAF0 /* SHRestClientExampleTests */ = {
			isa = PBXGroup;
			children = (
				9F0FA4571F287FA60012AAF0 /* SHRestClientExampleTests.swift */,
				9F0FA4591F287FA60012AAF0 /* Info.plist */,
			);
			path = SHRestClientExampleTests;
			sourceTree = "<group>";
		};
		9F0FA4611F287FA60012AAF0 /* SHRestClientExampleUITests */ = {
			isa = PBXGroup;
			children = (
				9F0FA4621F287FA60012AAF0 /* SHRestClientExampleUITests.swift */,
				9F0FA4641F287FA60012AAF0 /* Info.plist */,
			);
			path = SHRestClientExampleUITests;
			sourceTree = "<group>";
		};
		9F0FA4701F287FBB0012AAF0 /* SHRestClient */ = {
			isa = PBXGroup;
			children = (
				9F8ECDCE20D0506C00A4AAF9 /* Resource */,
				9F8ECDCB20D04EA800A4AAF9 /* NoConnectionVC */,
				9F44EC5F20C86947006700FF /* SHHTTPCache.swift */,
				9F44EC6120C86948006700FF /* SHRestClient.swift */,
				9F2DFAEF20D124A8002D33AC /* SHRequestMethods.swift */,
				9F44EC6220C86948006700FF /* SHRestClientCore.swift */,
				9F44EC6320C86948006700FF /* SHRestClientUtilities.swift */,
				9F8ECDBD20CEEE8300A4AAF9 /* SHNetworkObserver.swift */,
				9F2DFAF120D1394F002D33AC /* SHResponseLoader.swift */,
			);
			path = SHRestClient;
			sourceTree = "<group>";
		};
		9F8ECDCB20D04EA800A4AAF9 /* NoConnectionVC */ = {
			isa = PBXGroup;
			children = (
				9F8ECDCC20D04EDB00A4AAF9 /* NoConnectionVC.swift */,
				9F8ECDD320D0594400A4AAF9 /* NoConnectionVC.xib */,
			);
			path = NoConnectionVC;
			sourceTree = "<group>";
		};
		9F8ECDCE20D0506C00A4AAF9 /* Resource */ = {
			isa = PBXGroup;
			children = (
				9F8ECDD120D0514700A4AAF9 /* no-wifi.png */,
			);
			path = Resource;
			sourceTree = "<group>";
		};
		ADD2A636AFC6A055A3023727 /* Pods */ = {
			isa = PBXGroup;
			children = (
				4128B20BC4E89FD1AC6D2977 /* Pods-SHRestClientExample.debug.xcconfig */,
				422DC4CBB89B709E534A3A23 /* Pods-SHRestClientExample.release.xcconfig */,
				8293DC3106EDD646434F8514 /* Pods-SHRestClientExampleTests.debug.xcconfig */,
				0AF3CA8D8B8EA0A581A16288 /* Pods-SHRestClientExampleTests.release.xcconfig */,
				AB6F8B55861E08B487937C2F /* Pods-SHRestClientExampleUITests.debug.xcconfig */,
				B0D8D79AC41CDF3862EEF4D3 /* Pods-SHRestClientExampleUITests.release.xcconfig */,
			);
			name = Pods;
			sourceTree = "<group>";
		};
		C3A43A203F51DBA80142EAE8 /* Frameworks */ = {
			isa = PBXGroup;
			children = (
				BCE82B0382E2F6A9709F88C0 /* Pods_SHRestClientExample.framework */,
				B093B4EB24E1B1E8D00A500B /* Pods_SHRestClientExampleTests.framework */,
				B5C25B8F93B63FEDB2EDF2EE /* Pods_SHRestClientExampleUITests.framework */,
			);
			name = Frameworks;
			sourceTree = "<group>";
		};
/* End PBXGroup section */

/* Begin PBXNativeTarget section */
		9F0FA43E1F287FA60012AAF0 /* SHRestClientExample */ = {
			isa = PBXNativeTarget;
			buildConfigurationList = 9F0FA4671F287FA60012AAF0 /* Build configuration list for PBXNativeTarget "SHRestClientExample" */;
			buildPhases = (
				F107A2435180D70C362D0E9C /* [CP] Check Pods Manifest.lock */,
				9F0FA43B1F287FA60012AAF0 /* Sources */,
				9F0FA43C1F287FA60012AAF0 /* Frameworks */,
				9F0FA43D1F287FA60012AAF0 /* Resources */,
				621B063A9A933F3D8DC6D057 /* [CP] Embed Pods Frameworks */,
			);
			buildRules = (
			);
			dependencies = (
			);
			name = SHRestClientExample;
			productName = SHRestClientExample;
			productReference = 9F0FA43F1F287FA60012AAF0 /* SHRestClientExample.app */;
			productType = "com.apple.product-type.application";
		};
		9F0FA4521F287FA60012AAF0 /* SHRestClientExampleTests */ = {
			isa = PBXNativeTarget;
			buildConfigurationList = 9F0FA46A1F287FA60012AAF0 /* Build configuration list for PBXNativeTarget "SHRestClientExampleTests" */;
			buildPhases = (
				FF75A0021FC18AEDD00560F9 /* [CP] Check Pods Manifest.lock */,
				9F0FA44F1F287FA60012AAF0 /* Sources */,
				9F0FA4501F287FA60012AAF0 /* Frameworks */,
				9F0FA4511F287FA60012AAF0 /* Resources */,
			);
			buildRules = (
			);
			dependencies = (
				9F0FA4551F287FA60012AAF0 /* PBXTargetDependency */,
			);
			name = SHRestClientExampleTests;
			productName = SHRestClientExampleTests;
			productReference = 9F0FA4531F287FA60012AAF0 /* SHRestClientExampleTests.xctest */;
			productType = "com.apple.product-type.bundle.unit-test";
		};
		9F0FA45D1F287FA60012AAF0 /* SHRestClientExampleUITests */ = {
			isa = PBXNativeTarget;
			buildConfigurationList = 9F0FA46D1F287FA60012AAF0 /* Build configuration list for PBXNativeTarget "SHRestClientExampleUITests" */;
			buildPhases = (
				AB68DA4DE79C681DA21C4578 /* [CP] Check Pods Manifest.lock */,
				9F0FA45A1F287FA60012AAF0 /* Sources */,
				9F0FA45B1F287FA60012AAF0 /* Frameworks */,
				9F0FA45C1F287FA60012AAF0 /* Resources */,
			);
			buildRules = (
			);
			dependencies = (
				9F0FA4601F287FA60012AAF0 /* PBXTargetDependency */,
			);
			name = SHRestClientExampleUITests;
			productName = SHRestClientExampleUITests;
			productReference = 9F0FA45E1F287FA60012AAF0 /* SHRestClientExampleUITests.xctest */;
			productType = "com.apple.product-type.bundle.ui-testing";
		};
/* End PBXNativeTarget section */

/* Begin PBXProject section */
		9F0FA4371F287FA60012AAF0 /* Project object */ = {
			isa = PBXProject;
			attributes = {
				LastSwiftUpdateCheck = 0830;
				LastUpgradeCheck = 0830;
				ORGANIZATIONNAME = SubhajitHalder;
				TargetAttributes = {
					9F0FA43E1F287FA60012AAF0 = {
						CreatedOnToolsVersion = 8.3.1;
						DevelopmentTeam = YXUXCVBT88;
						ProvisioningStyle = Automatic;
					};
					9F0FA4521F287FA60012AAF0 = {
						CreatedOnToolsVersion = 8.3.1;
						DevelopmentTeam = YXUXCVBT88;
						ProvisioningStyle = Automatic;
						TestTargetID = 9F0FA43E1F287FA60012AAF0;
					};
					9F0FA45D1F287FA60012AAF0 = {
						CreatedOnToolsVersion = 8.3.1;
						DevelopmentTeam = YXUXCVBT88;
						ProvisioningStyle = Automatic;
						TestTargetID = 9F0FA43E1F287FA60012AAF0;
					};
				};
			};
			buildConfigurationList = 9F0FA43A1F287FA60012AAF0 /* Build configuration list for PBXProject "SHRestClientExample" */;
			compatibilityVersion = "Xcode 3.2";
			developmentRegion = English;
			hasScannedForEncodings = 0;
			knownRegions = (
				en,
				Base,
			);
			mainGroup = 9F0FA4361F287FA60012AAF0;
			productRefGroup = 9F0FA4401F287FA60012AAF0 /* Products */;
			projectDirPath = "";
			projectRoot = "";
			targets = (
				9F0FA43E1F287FA60012AAF0 /* SHRestClientExample */,
				9F0FA4521F287FA60012AAF0 /* SHRestClientExampleTests */,
				9F0FA45D1F287FA60012AAF0 /* SHRestClientExampleUITests */,
			);
		};
/* End PBXProject section */

/* Begin PBXResourcesBuildPhase section */
		9F0FA43D1F287FA60012AAF0 /* Resources */ = {
			isa = PBXResourcesBuildPhase;
			buildActionMask = 2147483647;
			files = (
				9F8ECDC920D0466600A4AAF9 /* Main.storyboard in Resources */,
				9F8ECDD220D0514700A4AAF9 /* no-wifi.png in Resources */,
				9F8ECDCA20D0466600A4AAF9 /* LaunchScreen.storyboard in Resources */,
				9F8ECDD420D0594400A4AAF9 /* NoConnectionVC.xib in Resources */,
				9F0FA44A1F287FA60012AAF0 /* Assets.xcassets in Resources */,
				9F5A3D401F8F7E5C00F02FA6 /* README.md in Resources */,
			);
			runOnlyForDeploymentPostprocessing = 0;
		};
		9F0FA4511F287FA60012AAF0 /* Resources */ = {
			isa = PBXResourcesBuildPhase;
			buildActionMask = 2147483647;
			files = (
			);
			runOnlyForDeploymentPostprocessing = 0;
		};
		9F0FA45C1F287FA60012AAF0 /* Resources */ = {
			isa = PBXResourcesBuildPhase;
			buildActionMask = 2147483647;
			files = (
			);
			runOnlyForDeploymentPostprocessing = 0;
		};
/* End PBXResourcesBuildPhase section */

/* Begin PBXShellScriptBuildPhase section */
		621B063A9A933F3D8DC6D057 /* [CP] Embed Pods Frameworks */ = {
			isa = PBXShellScriptBuildPhase;
			buildActionMask = 2147483647;
			files = (
			);
			inputPaths = (
				"${SRCROOT}/Pods/Target Support Files/Pods-SHRestClientExample/Pods-SHRestClientExample-frameworks.sh",
				"${BUILT_PRODUCTS_DIR}/ReachabilitySwift/Reachability.framework",
			);
			name = "[CP] Embed Pods Frameworks";
			outputPaths = (
				"${TARGET_BUILD_DIR}/${FRAMEWORKS_FOLDER_PATH}/Reachability.framework",
			);
			runOnlyForDeploymentPostprocessing = 0;
			shellPath = /bin/sh;
			shellScript = "\"${SRCROOT}/Pods/Target Support Files/Pods-SHRestClientExample/Pods-SHRestClientExample-frameworks.sh\"\n";
			showEnvVarsInLog = 0;
		};
		AB68DA4DE79C681DA21C4578 /* [CP] Check Pods Manifest.lock */ = {
			isa = PBXShellScriptBuildPhase;
			buildActionMask = 2147483647;
			files = (
			);
			inputPaths = (
				"${PODS_PODFILE_DIR_PATH}/Podfile.lock",
				"${PODS_ROOT}/Manifest.lock",
			);
			name = "[CP] Check Pods Manifest.lock";
			outputPaths = (
				"$(DERIVED_FILE_DIR)/Pods-SHRestClientExampleUITests-checkManifestLockResult.txt",
			);
			runOnlyForDeploymentPostprocessing = 0;
			shellPath = /bin/sh;
			shellScript = "diff \"${PODS_PODFILE_DIR_PATH}/Podfile.lock\" \"${PODS_ROOT}/Manifest.lock\" > /dev/null\nif [ $? != 0 ] ; then\n    # print error to STDERR\n    echo \"error: The sandbox is not in sync with the Podfile.lock. Run 'pod install' or update your CocoaPods installation.\" >&2\n    exit 1\nfi\n# This output is used by Xcode 'outputs' to avoid re-running this script phase.\necho \"SUCCESS\" > \"${SCRIPT_OUTPUT_FILE_0}\"\n";
			showEnvVarsInLog = 0;
		};
		F107A2435180D70C362D0E9C /* [CP] Check Pods Manifest.lock */ = {
			isa = PBXShellScriptBuildPhase;
			buildActionMask = 2147483647;
			files = (
			);
			inputPaths = (
				"${PODS_PODFILE_DIR_PATH}/Podfile.lock",
				"${PODS_ROOT}/Manifest.lock",
			);
			name = "[CP] Check Pods Manifest.lock";
			outputPaths = (
				"$(DERIVED_FILE_DIR)/Pods-SHRestClientExample-checkManifestLockResult.txt",
			);
			runOnlyForDeploymentPostprocessing = 0;
			shellPath = /bin/sh;
			shellScript = "diff \"${PODS_PODFILE_DIR_PATH}/Podfile.lock\" \"${PODS_ROOT}/Manifest.lock\" > /dev/null\nif [ $? != 0 ] ; then\n    # print error to STDERR\n    echo \"error: The sandbox is not in sync with the Podfile.lock. Run 'pod install' or update your CocoaPods installation.\" >&2\n    exit 1\nfi\n# This output is used by Xcode 'outputs' to avoid re-running this script phase.\necho \"SUCCESS\" > \"${SCRIPT_OUTPUT_FILE_0}\"\n";
			showEnvVarsInLog = 0;
		};
		FF75A0021FC18AEDD00560F9 /* [CP] Check Pods Manifest.lock */ = {
			isa = PBXShellScriptBuildPhase;
			buildActionMask = 2147483647;
			files = (
			);
			inputPaths = (
				"${PODS_PODFILE_DIR_PATH}/Podfile.lock",
				"${PODS_ROOT}/Manifest.lock",
			);
			name = "[CP] Check Pods Manifest.lock";
			outputPaths = (
				"$(DERIVED_FILE_DIR)/Pods-SHRestClientExampleTests-checkManifestLockResult.txt",
			);
			runOnlyForDeploymentPostprocessing = 0;
			shellPath = /bin/sh;
			shellScript = "diff \"${PODS_PODFILE_DIR_PATH}/Podfile.lock\" \"${PODS_ROOT}/Manifest.lock\" > /dev/null\nif [ $? != 0 ] ; then\n    # print error to STDERR\n    echo \"error: The sandbox is not in sync with the Podfile.lock. Run 'pod install' or update your CocoaPods installation.\" >&2\n    exit 1\nfi\n# This output is used by Xcode 'outputs' to avoid re-running this script phase.\necho \"SUCCESS\" > \"${SCRIPT_OUTPUT_FILE_0}\"\n";
			showEnvVarsInLog = 0;
		};
/* End PBXShellScriptBuildPhase section */

/* Begin PBXSourcesBuildPhase section */
		9F0FA43B1F287FA60012AAF0 /* Sources */ = {
			isa = PBXSourcesBuildPhase;
			buildActionMask = 2147483647;
			files = (
				9F8ECDBE20CEEE8300A4AAF9 /* SHNetworkObserver.swift in Sources */,
				9F0FA4451F287FA60012AAF0 /* ViewController.swift in Sources */,
				9F44EC6920C86948006700FF /* SHRestClientUtilities.swift in Sources */,
				9F0FA4431F287FA60012AAF0 /* AppDelegate.swift in Sources */,
				9F44EC6820C86948006700FF /* SHRestClientCore.swift in Sources */,
				9F8ECDCD20D04EDB00A4AAF9 /* NoConnectionVC.swift in Sources */,
				9F44EC6720C86948006700FF /* SHRestClient.swift in Sources */,
				9F44EC6520C86948006700FF /* SHHTTPCache.swift in Sources */,
				9F2DFAF220D1394F002D33AC /* SHResponseLoader.swift in Sources */,
				9F2DFAF020D124A8002D33AC /* SHRequestMethods.swift in Sources */,
			);
			runOnlyForDeploymentPostprocessing = 0;
		};
		9F0FA44F1F287FA60012AAF0 /* Sources */ = {
			isa = PBXSourcesBuildPhase;
			buildActionMask = 2147483647;
			files = (
				9F0FA4581F287FA60012AAF0 /* SHRestClientExampleTests.swift in Sources */,
			);
			runOnlyForDeploymentPostprocessing = 0;
		};
		9F0FA45A1F287FA60012AAF0 /* Sources */ = {
			isa = PBXSourcesBuildPhase;
			buildActionMask = 2147483647;
			files = (
				9F0FA4631F287FA60012AAF0 /* SHRestClientExampleUITests.swift in Sources */,
			);
			runOnlyForDeploymentPostprocessing = 0;
		};
/* End PBXSourcesBuildPhase section */

/* Begin PBXTargetDependency section */
		9F0FA4551F287FA60012AAF0 /* PBXTargetDependency */ = {
			isa = PBXTargetDependency;
			target = 9F0FA43E1F287FA60012AAF0 /* SHRestClientExample */;
			targetProxy = 9F0FA4541F287FA60012AAF0 /* PBXContainerItemProxy */;
		};
		9F0FA4601F287FA60012AAF0 /* PBXTargetDependency */ = {
			isa = PBXTargetDependency;
			target = 9F0FA43E1F287FA60012AAF0 /* SHRestClientExample */;
			targetProxy = 9F0FA45F1F287FA60012AAF0 /* PBXContainerItemProxy */;
		};
/* End PBXTargetDependency section */

/* Begin PBXVariantGroup section */
		9F0FA4461F287FA60012AAF0 /* Main.storyboard */ = {
			isa = PBXVariantGroup;
			children = (
				9F0FA4471F287FA60012AAF0 /* Base */,
			);
			name = Main.storyboard;
			sourceTree = "<group>";
		};
		9F0FA44B1F287FA60012AAF0 /* LaunchScreen.storyboard */ = {
			isa = PBXVariantGroup;
			children = (
				9F0FA44C1F287FA60012AAF0 /* Base */,
			);
			name = LaunchScreen.storyboard;
			sourceTree = "<group>";
		};
/* End PBXVariantGroup section */

/* Begin XCBuildConfiguration section */
		9F0FA4651F287FA60012AAF0 /* Debug */ = {
			isa = XCBuildConfiguration;
			buildSettings = {
				ALWAYS_SEARCH_USER_PATHS = NO;
				CLANG_ANALYZER_NONNULL = YES;
				CLANG_ANALYZER_NUMBER_OBJECT_CONVERSION = YES_AGGRESSIVE;
				CLANG_CXX_LANGUAGE_STANDARD = "gnu++0x";
				CLANG_CXX_LIBRARY = "libc++";
				CLANG_ENABLE_MODULES = YES;
				CLANG_ENABLE_OBJC_ARC = YES;
				CLANG_WARN_BOOL_CONVERSION = YES;
				CLANG_WARN_CONSTANT_CONVERSION = YES;
				CLANG_WARN_DIRECT_OBJC_ISA_USAGE = YES_ERROR;
				CLANG_WARN_DOCUMENTATION_COMMENTS = YES;
				CLANG_WARN_EMPTY_BODY = YES;
				CLANG_WARN_ENUM_CONVERSION = YES;
				CLANG_WARN_INFINITE_RECURSION = YES;
				CLANG_WARN_INT_CONVERSION = YES;
				CLANG_WARN_OBJC_ROOT_CLASS = YES_ERROR;
				CLANG_WARN_SUSPICIOUS_MOVE = YES;
				CLANG_WARN_UNREACHABLE_CODE = YES;
				CLANG_WARN__DUPLICATE_METHOD_MATCH = YES;
				"CODE_SIGN_IDENTITY[sdk=iphoneos*]" = "iPhone Developer";
				COPY_PHASE_STRIP = NO;
				DEBUG_INFORMATION_FORMAT = dwarf;
				ENABLE_STRICT_OBJC_MSGSEND = YES;
				ENABLE_TESTABILITY = YES;
				GCC_C_LANGUAGE_STANDARD = gnu99;
				GCC_DYNAMIC_NO_PIC = NO;
				GCC_NO_COMMON_BLOCKS = YES;
				GCC_OPTIMIZATION_LEVEL = 0;
				GCC_PREPROCESSOR_DEFINITIONS = (
					"DEBUG=1",
					"$(inherited)",
				);
				GCC_WARN_64_TO_32_BIT_CONVERSION = YES;
				GCC_WARN_ABOUT_RETURN_TYPE = YES_ERROR;
				GCC_WARN_UNDECLARED_SELECTOR = YES;
				GCC_WARN_UNINITIALIZED_AUTOS = YES_AGGRESSIVE;
				GCC_WARN_UNUSED_FUNCTION = YES;
				GCC_WARN_UNUSED_VARIABLE = YES;
				IPHONEOS_DEPLOYMENT_TARGET = 10.3;
				MTL_ENABLE_DEBUG_INFO = YES;
				ONLY_ACTIVE_ARCH = YES;
				SDKROOT = iphoneos;
				SWIFT_ACTIVE_COMPILATION_CONDITIONS = DEBUG;
				SWIFT_OPTIMIZATION_LEVEL = "-Onone";
			};
			name = Debug;
		};
		9F0FA4661F287FA60012AAF0 /* Release */ = {
			isa = XCBuildConfiguration;
			buildSettings = {
				ALWAYS_SEARCH_USER_PATHS = NO;
				CLANG_ANALYZER_NONNULL = YES;
				CLANG_ANALYZER_NUMBER_OBJECT_CONVERSION = YES_AGGRESSIVE;
				CLANG_CXX_LANGUAGE_STANDARD = "gnu++0x";
				CLANG_CXX_LIBRARY = "libc++";
				CLANG_ENABLE_MODULES = YES;
				CLANG_ENABLE_OBJC_ARC = YES;
				CLANG_WARN_BOOL_CONVERSION = YES;
				CLANG_WARN_CONSTANT_CONVERSION = YES;
				CLANG_WARN_DIRECT_OBJC_ISA_USAGE = YES_ERROR;
				CLANG_WARN_DOCUMENTATION_COMMENTS = YES;
				CLANG_WARN_EMPTY_BODY = YES;
				CLANG_WARN_ENUM_CONVERSION = YES;
				CLANG_WARN_INFINITE_RECURSION = YES;
				CLANG_WARN_INT_CONVERSION = YES;
				CLANG_WARN_OBJC_ROOT_CLASS = YES_ERROR;
				CLANG_WARN_SUSPICIOUS_MOVE = YES;
				CLANG_WARN_UNREACHABLE_CODE = YES;
				CLANG_WARN__DUPLICATE_METHOD_MATCH = YES;
				"CODE_SIGN_IDENTITY[sdk=iphoneos*]" = "iPhone Developer";
				COPY_PHASE_STRIP = NO;
				DEBUG_INFORMATION_FORMAT = "dwarf-with-dsym";
				ENABLE_NS_ASSERTIONS = NO;
				ENABLE_STRICT_OBJC_MSGSEND = YES;
				GCC_C_LANGUAGE_STANDARD = gnu99;
				GCC_NO_COMMON_BLOCKS = YES;
				GCC_WARN_64_TO_32_BIT_CONVERSION = YES;
				GCC_WARN_ABOUT_RETURN_TYPE = YES_ERROR;
				GCC_WARN_UNDECLARED_SELECTOR = YES;
				GCC_WARN_UNINITIALIZED_AUTOS = YES_AGGRESSIVE;
				GCC_WARN_UNUSED_FUNCTION = YES;
				GCC_WARN_UNUSED_VARIABLE = YES;
				IPHONEOS_DEPLOYMENT_TARGET = 10.3;
				MTL_ENABLE_DEBUG_INFO = NO;
				SDKROOT = iphoneos;
				SWIFT_OPTIMIZATION_LEVEL = "-Owholemodule";
				VALIDATE_PRODUCT = YES;
			};
			name = Release;
		};
		9F0FA4681F287FA60012AAF0 /* Debug */ = {
			isa = XCBuildConfiguration;
			baseConfigurationReference = 4128B20BC4E89FD1AC6D2977 /* Pods-SHRestClientExample.debug.xcconfig */;
			buildSettings = {
				ASSETCATALOG_COMPILER_APPICON_NAME = AppIcon;
				DEVELOPMENT_TEAM = YXUXCVBT88;
				INFOPLIST_FILE = SHRestClientExample/Info.plist;
				LD_RUNPATH_SEARCH_PATHS = "$(inherited) @executable_path/Frameworks";
				PRODUCT_BUNDLE_IDENTIFIER = com.regor.SHRestClientExample;
				PRODUCT_NAME = "$(TARGET_NAME)";
				SWIFT_VERSION = 3.0;
			};
			name = Debug;
		};
		9F0FA4691F287FA60012AAF0 /* Release */ = {
			isa = XCBuildConfiguration;
			baseConfigurationReference = 422DC4CBB89B709E534A3A23 /* Pods-SHRestClientExample.release.xcconfig */;
			buildSettings = {
				ASSETCATALOG_COMPILER_APPICON_NAME = AppIcon;
				DEVELOPMENT_TEAM = YXUXCVBT88;
				INFOPLIST_FILE = SHRestClientExample/Info.plist;
				LD_RUNPATH_SEARCH_PATHS = "$(inherited) @executable_path/Frameworks";
				PRODUCT_BUNDLE_IDENTIFIER = com.regor.SHRestClientExample;
				PRODUCT_NAME = "$(TARGET_NAME)";
				SWIFT_VERSION = 3.0;
			};
			name = Release;
		};
		9F0FA46B1F287FA60012AAF0 /* Debug */ = {
			isa = XCBuildConfiguration;
			baseConfigurationReference = 8293DC3106EDD646434F8514 /* Pods-SHRestClientExampleTests.debug.xcconfig */;
			buildSettings = {
				ALWAYS_EMBED_SWIFT_STANDARD_LIBRARIES = YES;
				BUNDLE_LOADER = "$(TEST_HOST)";
				DEVELOPMENT_TEAM = YXUXCVBT88;
				INFOPLIST_FILE = SHRestClientExampleTests/Info.plist;
				LD_RUNPATH_SEARCH_PATHS = "$(inherited) @executable_path/Frameworks @loader_path/Frameworks";
				PRODUCT_BUNDLE_IDENTIFIER = com.regor.SHRestClientExampleTests;
				PRODUCT_NAME = "$(TARGET_NAME)";
				SWIFT_VERSION = 3.0;
				TEST_HOST = "$(BUILT_PRODUCTS_DIR)/SHRestClientExample.app/SHRestClientExample";
			};
			name = Debug;
		};
		9F0FA46C1F287FA60012AAF0 /* Release */ = {
			isa = XCBuildConfiguration;
			baseConfigurationReference = 0AF3CA8D8B8EA0A581A16288 /* Pods-SHRestClientExampleTests.release.xcconfig */;
			buildSettings = {
				ALWAYS_EMBED_SWIFT_STANDARD_LIBRARIES = YES;
				BUNDLE_LOADER = "$(TEST_HOST)";
				DEVELOPMENT_TEAM = YXUXCVBT88;
				INFOPLIST_FILE = SHRestClientExampleTests/Info.plist;
				LD_RUNPATH_SEARCH_PATHS = "$(inherited) @executable_path/Frameworks @loader_path/Frameworks";
				PRODUCT_BUNDLE_IDENTIFIER = com.regor.SHRestClientExampleTests;
				PRODUCT_NAME = "$(TARGET_NAME)";
				SWIFT_VERSION = 3.0;
				TEST_HOST = "$(BUILT_PRODUCTS_DIR)/SHRestClientExample.app/SHRestClientExample";
			};
			name = Release;
		};
		9F0FA46E1F287FA60012AAF0 /* Debug */ = {
			isa = XCBuildConfiguration;
			baseConfigurationReference = AB6F8B55861E08B487937C2F /* Pods-SHRestClientExampleUITests.debug.xcconfig */;
			buildSettings = {
				ALWAYS_EMBED_SWIFT_STANDARD_LIBRARIES = YES;
				DEVELOPMENT_TEAM = YXUXCVBT88;
				INFOPLIST_FILE = SHRestClientExampleUITests/Info.plist;
				LD_RUNPATH_SEARCH_PATHS = "$(inherited) @executable_path/Frameworks @loader_path/Frameworks";
				PRODUCT_BUNDLE_IDENTIFIER = com.regor.SHRestClientExampleUITests;
				PRODUCT_NAME = "$(TARGET_NAME)";
				SWIFT_VERSION = 3.0;
				TEST_TARGET_NAME = SHRestClientExample;
			};
			name = Debug;
		};
		9F0FA46F1F287FA60012AAF0 /* Release */ = {
			isa = XCBuildConfiguration;
			baseConfigurationReference = B0D8D79AC41CDF3862EEF4D3 /* Pods-SHRestClientExampleUITests.release.xcconfig */;
			buildSettings = {
				ALWAYS_EMBED_SWIFT_STANDARD_LIBRARIES = YES;
				DEVELOPMENT_TEAM = YXUXCVBT88;
				INFOPLIST_FILE = SHRestClientExampleUITests/Info.plist;
				LD_RUNPATH_SEARCH_PATHS = "$(inherited) @executable_path/Frameworks @loader_path/Frameworks";
				PRODUCT_BUNDLE_IDENTIFIER = com.regor.SHRestClientExampleUITests;
				PRODUCT_NAME = "$(TARGET_NAME)";
				SWIFT_VERSION = 3.0;
				TEST_TARGET_NAME = SHRestClientExample;
			};
			name = Release;
		};
/* End XCBuildConfiguration section */

/* Begin XCConfigurationList section */
		9F0FA43A1F287FA60012AAF0 /* Build configuration list for PBXProject "SHRestClientExample" */ = {
			isa = XCConfigurationList;
			buildConfigurations = (
				9F0FA4651F287FA60012AAF0 /* Debug */,
				9F0FA4661F287FA60012AAF0 /* Release */,
			);
			defaultConfigurationIsVisible = 0;
			defaultConfigurationName = Release;
		};
		9F0FA4671F287FA60012AAF0 /* Build configuration list for PBXNativeTarget "SHRestClientExample" */ = {
			isa = XCConfigurationList;
			buildConfigurations = (
				9F0FA4681F287FA60012AAF0 /* Debug */,
				9F0FA4691F287FA60012AAF0 /* Release */,
			);
			defaultConfigurationIsVisible = 0;
			defaultConfigurationName = Release;
		};
		9F0FA46A1F287FA60012AAF0 /* Build configuration list for PBXNativeTarget "SHRestClientExampleTests" */ = {
			isa = XCConfigurationList;
			buildConfigurations = (
				9F0FA46B1F287FA60012AAF0 /* Debug */,
				9F0FA46C1F287FA60012AAF0 /* Release */,
			);
			defaultConfigurationIsVisible = 0;
			defaultConfigurationName = Release;
		};
		9F0FA46D1F287FA60012AAF0 /* Build configuration list for PBXNativeTarget "SHRestClientExampleUITests" */ = {
			isa = XCConfigurationList;
			buildConfigurations = (
				9F0FA46E1F287FA60012AAF0 /* Debug */,
				9F0FA46F1F287FA60012AAF0 /* Release */,
			);
			defaultConfigurationIsVisible = 0;
			defaultConfigurationName = Release;
		};
/* End XCConfigurationList section */
	};
	rootObject = 9F0FA4371F287FA60012AAF0 /* Project object */;
}
